
Microsoft Visual Studio Solution File, Format Version 11.00
# Visual Studio 2010
Project("{FAE04EC0-301F-11D3-BF4B-00C04F79EFBC}") = "NY_VR_Hack", "Assembly-CSharp-firstpass.csproj", "{1219DD35-A12B-8729-D2BF-A2DB152C6AE1}"
EndProject
Project("{FAE04EC0-301F-11D3-BF4B-00C04F79EFBC}") = "NY_VR_Hack", "Assembly-CSharp.csproj", "{3D7316D6-ABCE-1686-07F8-20ECB182E42F}"
EndProject
Project("{FAE04EC0-301F-11D3-BF4B-00C04F79EFBC}") = "NY_VR_Hack", "Assembly-CSharp-Editor-firstpass.csproj", "{ECCB80B4-7467-9168-2699-B035C103296A}"
EndProject
Project("{FAE04EC0-301F-11D3-BF4B-00C04F79EFBC}") = "NY_VR_Hack", "Assembly-CSharp-Editor.csproj", "{D2C26D58-4654-A264-60CC-A0E5471BA7F5}"
EndProject
Global
	GlobalSection(SolutionConfigurationPlatforms) = preSolution
		Debug|Any CPU = Debug|Any CPU
		Release|Any CPU = Release|Any CPU
	EndGlobalSection
	GlobalSection(ProjectConfigurationPlatforms) = postSolution
		{1219DD35-A12B-8729-D2BF-A2DB152C6AE1}.Debug|Any CPU.ActiveCfg = Debug|Any CPU
		{1219DD35-A12B-8729-D2BF-A2DB152C6AE1}.Debug|Any CPU.Build.0 = Debug|Any CPU
		{1219DD35-A12B-8729-D2BF-A2DB152C6AE1}.Release|Any CPU.ActiveCfg = Release|Any CPU
		{1219DD35-A12B-8729-D2BF-A2DB152C6AE1}.Release|Any CPU.Build.0 = Release|Any CPU
		{3D7316D6-ABCE-1686-07F8-20ECB182E42F}.Debug|Any CPU.ActiveCfg = Debug|Any CPU
		{3D7316D6-ABCE-1686-07F8-20ECB182E42F}.Debug|Any CPU.Build.0 = Debug|Any CPU
		{3D7316D6-ABCE-1686-07F8-20ECB182E42F}.Release|Any CPU.ActiveCfg = Release|Any CPU
		{3D7316D6-ABCE-1686-07F8-20ECB182E42F}.Release|Any CPU.Build.0 = Release|Any CPU
		{ECCB80B4-7467-9168-2699-B035C103296A}.Debug|Any CPU.ActiveCfg = Debug|Any CPU
		{ECCB80B4-7467-9168-2699-B035C103296A}.Debug|Any CPU.Build.0 = Debug|Any CPU
		{ECCB80B4-7467-9168-2699-B035C103296A}.Release|Any CPU.ActiveCfg = Release|Any CPU
		{ECCB80B4-7467-9168-2699-B035C103296A}.Release|Any CPU.Build.0 = Release|Any CPU
		{D2C26D58-4654-A264-60CC-A0E5471BA7F5}.Debug|Any CPU.ActiveCfg = Debug|Any CPU
		{D2C26D58-4654-A264-60CC-A0E5471BA7F5}.Debug|Any CPU.Build.0 = Debug|Any CPU
		{D2C26D58-4654-A264-60CC-A0E5471BA7F5}.Release|Any CPU.ActiveCfg = Release|Any CPU
		{D2C26D58-4654-A264-60CC-A0E5471BA7F5}.Release|Any CPU.Build.0 = Release|Any CPU
	EndGlobalSection
	GlobalSection(SolutionProperties) = preSolution
		HideSolutionNode = FALSE
	EndGlobalSection
	GlobalSection(MonoDevelopProperties) = preSolution
		StartupItem = Assembly-CSharp.csproj
	EndGlobalSection
EndGlobal
