
Microsoft Visual Studio Solution File, Format Version 12.00
# Visual Studio 2015
Project("{FAE04EC0-301F-11D3-BF4B-00C04F79EFBC}") = "NY_VR_Hack.Plugins", "NY_VR_Hack.Plugins.csproj", "{7D934A09-CD85-4423-6067-4363FFD5AA9A}"
EndProject
Project("{FAE04EC0-301F-11D3-BF4B-00C04F79EFBC}") = "NY_VR_Hack", "NY_VR_Hack.csproj", "{15CBC6C5-401D-C284-0E9F-2D5B1395738F}"
EndProject
Project("{FAE04EC0-301F-11D3-BF4B-00C04F79EFBC}") = "NY_VR_Hack.Editor.Plugins", "NY_VR_Hack.Editor.Plugins.csproj", "{E7F4513F-3F05-FB3B-2469-B28444CBBD1C}"
EndProject
Project("{FAE04EC0-301F-11D3-BF4B-00C04F79EFBC}") = "NY_VR_Hack.Editor", "NY_VR_Hack.Editor.csproj", "{676B4A5E-8EAD-82D6-235F-126475B46CF8}"
EndProject
Global
	GlobalSection(SolutionConfigurationPlatforms) = preSolution
		Debug|Any CPU = Debug|Any CPU
		Release|Any CPU = Release|Any CPU
	EndGlobalSection
	GlobalSection(ProjectConfigurationPlatforms) = postSolution
		{7D934A09-CD85-4423-6067-4363FFD5AA9A}.Debug|Any CPU.ActiveCfg = Debug|Any CPU
		{7D934A09-CD85-4423-6067-4363FFD5AA9A}.Debug|Any CPU.Build.0 = Debug|Any CPU
		{7D934A09-CD85-4423-6067-4363FFD5AA9A}.Release|Any CPU.ActiveCfg = Release|Any CPU
		{7D934A09-CD85-4423-6067-4363FFD5AA9A}.Release|Any CPU.Build.0 = Release|Any CPU
		{15CBC6C5-401D-C284-0E9F-2D5B1395738F}.Debug|Any CPU.ActiveCfg = Debug|Any CPU
		{15CBC6C5-401D-C284-0E9F-2D5B1395738F}.Debug|Any CPU.Build.0 = Debug|Any CPU
		{15CBC6C5-401D-C284-0E9F-2D5B1395738F}.Release|Any CPU.ActiveCfg = Release|Any CPU
		{15CBC6C5-401D-C284-0E9F-2D5B1395738F}.Release|Any CPU.Build.0 = Release|Any CPU
		{E7F4513F-3F05-FB3B-2469-B28444CBBD1C}.Debug|Any CPU.ActiveCfg = Debug|Any CPU
		{E7F4513F-3F05-FB3B-2469-B28444CBBD1C}.Debug|Any CPU.Build.0 = Debug|Any CPU
		{E7F4513F-3F05-FB3B-2469-B28444CBBD1C}.Release|Any CPU.ActiveCfg = Release|Any CPU
		{E7F4513F-3F05-FB3B-2469-B28444CBBD1C}.Release|Any CPU.Build.0 = Release|Any CPU
		{676B4A5E-8EAD-82D6-235F-126475B46CF8}.Debug|Any CPU.ActiveCfg = Debug|Any CPU
		{676B4A5E-8EAD-82D6-235F-126475B46CF8}.Debug|Any CPU.Build.0 = Debug|Any CPU
		{676B4A5E-8EAD-82D6-235F-126475B46CF8}.Release|Any CPU.ActiveCfg = Release|Any CPU
		{676B4A5E-8EAD-82D6-235F-126475B46CF8}.Release|Any CPU.Build.0 = Release|Any CPU
	EndGlobalSection
	GlobalSection(SolutionProperties) = preSolution
		HideSolutionNode = FALSE
	EndGlobalSection
EndGlobal
